// !$*UTF8*$!
{
	archiveVersion = 1;
	classes = {
	};
	objectVersion = 77;
	objects = {

/* Begin PBXContainerItemProxy section */
		B72048BE2E5CED04008FF01B /* PBXContainerItemProxy */ = {
			isa = PBXContainerItemProxy;
			containerPortal = B720489F2E5CED03008FF01B /* Project object */;
			proxyType = 1;
			remoteGlobalIDString = B72048A62E5CED03008FF01B;
			remoteInfo = IOS101P1;
		};
		B72048C82E5CED04008FF01B /* PBXContainerItemProxy */ = {
			isa = PBXContainerItemProxy;
			containerPortal = B720489F2E5CED03008FF01B /* Project object */;
			proxyType = 1;
			remoteGlobalIDString = B72048A62E5CED03008FF01B;
			remoteInfo = IOS101P1;
		};
/* End PBXContainerItemProxy section */

/* Begin PBXFileReference section */
		B72048A72E5CED03008FF01B /* IOS101P1.app */ = {isa = PBXFileReference; explicitFileType = wrapper.application; includeInIndex = 0; path = IOS101P1.app; sourceTree = BUILT_PRODUCTS_DIR; };
		B72048BD2E5CED04008FF01B /* IOS101P1Tests.xctest */ = {isa = PBXFileReference; explicitFileType = wrapper.cfbundle; includeInIndex = 0; path = IOS101P1Tests.xctest; sourceTree = BUILT_PRODUCTS_DIR; };
		B72048C72E5CED04008FF01B /* IOS101P1UITests.xctest */ = {isa = PBXFileReference; explicitFileType = wrapper.cfbundle; includeInIndex = 0; path = IOS101P1UITests.xctest; sourceTree = BUILT_PRODUCTS_DIR; };
/* End PBXFileReference section */

/* Begin PBXFileSystemSynchronizedBuildFileExceptionSet section */
		B72048CF2E5CED04008FF01B /* Exceptions for "IOS101P1" folder in "IOS101P1" target */ = {
			isa = PBXFileSystemSynchronizedBuildFileExceptionSet;
			membershipExceptions = (
				Info.plist,
			);
			target = B72048A62E5CED03008FF01B /* IOS101P1 */;
		};
/* End PBXFileSystemSynchronizedBuildFileExceptionSet section */

/* Begin PBXFileSystemSynchronizedRootGroup section */
		B72048A92E5CED03008FF01B /* IOS101P1 */ = {
			isa = PBXFileSystemSynchronizedRootGroup;
			exceptions = (
				B72048CF2E5CED04008FF01B /* Exceptions for "IOS101P1" folder in "IOS101P1" target */,
			);
			path = IOS101P1;
			sourceTree = "<group>";
		};
		B72048C02E5CED04008FF01B /* IOS101P1Tests */ = {
			isa = PBXFileSystemSynchronizedRootGroup;
			path = IOS101P1Tests;
			sourceTree = "<group>";
		};
		B72048CA2E5CED04008FF01B /* IOS101P1UITests */ = {
			isa = PBXFileSystemSynchronizedRootGroup;
			path = IOS101P1UITests;
			sourceTree = "<group>";
		};
/* End PBXFileSystemSynchronizedRootGroup section */

/* Begin PBXFrameworksBuildPhase section */
		B72048A42E5CED03008FF01B /* Frameworks */ = {
			isa = PBXFrameworksBuildPhase;
			buildActionMask = 2147483647;
			files = (
			);
			runOnlyForDeploymentPostprocessing = 0;
		};
		B72048BA2E5CED04008FF01B /* Frameworks */ = {
			isa = PBXFrameworksBuildPhase;
			buildActionMask = 2147483647;
			files = (
			);
			runOnlyForDeploymentPostprocessing = 0;
		};
		B72048C42E5CED04008FF01B /* Frameworks */ = {
			isa = PBXFrameworksBuildPhase;
			buildActionMask = 2147483647;
			files = (
			);
			runOnlyForDeploymentPostprocessing = 0;
		};
/* End PBXFrameworksBuildPhase section */

/* Begin PBXGroup section */
		B720489E2E5CED03008FF01B = {
			isa = PBXGroup;
			children = (
				B72048A92E5CED03008FF01B /* IOS101P1 */,
				B72048C02E5CED04008FF01B /* IOS101P1Tests */,
				B72048CA2E5CED04008FF01B /* IOS101P1UITests */,
				B72048A82E5CED03008FF01B /* Products */,
			);
			sourceTree = "<group>";
		};
		B72048A82E5CED03008FF01B /* Products */ = {
			isa = PBXGroup;
			children = (
				B72048A72E5CED03008FF01B /* IOS101P1.app */,
				B72048BD2E5CED04008FF01B /* IOS101P1Tests.xctest */,
				B72048C72E5CED04008FF01B /* IOS101P1UITests.xctest */,
			);
			name = Products;
			sourceTree = "<group>";
		};
/* End PBXGroup section */

/* Begin PBXNativeTarget section */
		B72048A62E5CED03008FF01B /* IOS101P1 */ = {
			isa = PBXNativeTarget;
			buildConfigurationList = B72048D02E5CED04008FF01B /* Build configuration list for PBXNativeTarget "IOS101P1" */;
			buildPhases = (
				B72048A32E5CED03008FF01B /* Sources */,
				B72048A42E5CED03008FF01B /* Frameworks */,
				B72048A52E5CED03008FF01B /* Resources */,
			);
			buildRules = (
			);
			dependencies = (
			);
			fileSystemSynchronizedGroups = (
				B72048A92E5CED03008FF01B /* IOS101P1 */,
			);
			name = IOS101P1;
			packageProductDependencies = (
			);
			productName = IOS101P1;
			productReference = B72048A72E5CED03008FF01B /* IOS101P1.app */;
			productType = "com.apple.product-type.application";
		};
		B72048BC2E5CED04008FF01B /* IOS101P1Tests */ = {
			isa = PBXNativeTarget;
			buildConfigurationList = B72048D52E5CED04008FF01B /* Build configuration list for PBXNativeTarget "IOS101P1Tests" */;
			buildPhases = (
				B72048B92E5CED04008FF01B /* Sources */,
				B72048BA2E5CED04008FF01B /* Frameworks */,
				B72048BB2E5CED04008FF01B /* Resources */,
			);
			buildRules = (
			);
			dependencies = (
				B72048BF2E5CED04008FF01B /* PBXTargetDependency */,
			);
			fileSystemSynchronizedGroups = (
				B72048C02E5CED04008FF01B /* IOS101P1Tests */,
			);
			name = IOS101P1Tests;
			packageProductDependencies = (
			);
			productName = IOS101P1Tests;
			productReference = B72048BD2E5CED04008FF01B /* IOS101P1Tests.xctest */;
			productType = "com.apple.product-type.bundle.unit-test";
		};
		B72048C62E5CED04008FF01B /* IOS101P1UITests */ = {
			isa = PBXNativeTarget;
			buildConfigurationList = B72048D82E5CED04008FF01B /* Build configuration list for PBXNativeTarget "IOS101P1UITests" */;
			buildPhases = (
				B72048C32E5CED04008FF01B /* Sources */,
				B72048C42E5CED04008FF01B /* Frameworks */,
				B72048C52E5CED04008FF01B /* Resources */,
			);
			buildRules = (
			);
			dependencies = (
				B72048C92E5CED04008FF01B /* PBXTargetDependency */,
			);
			fileSystemSynchronizedGroups = (
				B72048CA2E5CED04008FF01B /* IOS101P1UITests */,
			);
			name = IOS101P1UITests;
			packageProductDependencies = (
			);
			productName = IOS101P1UITests;
			productReference = B72048C72E5CED04008FF01B /* IOS101P1UITests.xctest */;
			productType = "com.apple.product-type.bundle.ui-testing";
		};
/* End PBXNativeTarget section */

/* Begin PBXProject section */
		B720489F2E5CED03008FF01B /* Project object */ = {
			isa = PBXProject;
			attributes = {
				BuildIndependentTargetsInParallel = 1;
				LastSwiftUpdateCheck = 1620;
				LastUpgradeCheck = 1620;
				TargetAttributes = {
					B72048A62E5CED03008FF01B = {
						CreatedOnToolsVersion = 16.2;
					};
					B72048BC2E5CED04008FF01B = {
						CreatedOnToolsVersion = 16.2;
						TestTargetID = B72048A62E5CED03008FF01B;
					};
					B72048C62E5CED04008FF01B = {
						CreatedOnToolsVersion = 16.2;
						TestTargetID = B72048A62E5CED03008FF01B;
					};
				};
			};
			buildConfigurationList = B72048A22E5CED03008FF01B /* Build configuration list for PBXProject "IOS101P1" */;
			developmentRegion = en;
			hasScannedForEncodings = 0;
			knownRegions = (
				en,
				Base,
			);
			mainGroup = B720489E2E5CED03008FF01B;
			minimizedProjectReferenceProxies = 1;
			preferredProjectObjectVersion = 77;
			productRefGroup = B72048A82E5CED03008FF01B /* Products */;
			projectDirPath = "";
			projectRoot = "";
			targets = (
				B72048A62E5CED03008FF01B /* IOS101P1 */,
				B72048BC2E5CED04008FF01B /* IOS101P1Tests */,
				B72048C62E5CED04008FF01B /* IOS101P1UITests */,
			);
		};
/* End PBXProject section */

/* Begin PBXResourcesBuildPhase section */
		B72048A52E5CED03008FF01B /* Resources */ = {
			isa = PBXResourcesBuildPhase;
			buildActionMask = 2147483647;
			files = (
			);
			runOnlyForDeploymentPostprocessing = 0;
		};
		B72048BB2E5CED04008FF01B /* Resources */ = {
			isa = PBXResourcesBuildPhase;
			buildActionMask = 2147483647;
			files = (
			);
			runOnlyForDeploymentPostprocessing = 0;
		};
		B72048C52E5CED04008FF01B /* Resources */ = {
			isa = PBXResourcesBuildPhase;
			buildActionMask = 2147483647;
			files = (
			);
			runOnlyForDeploymentPostprocessing = 0;
		};
/* End PBXResourcesBuildPhase section */

/* Begin PBXSourcesBuildPhase section */
		B72048A32E5CED03008FF01B /* Sources */ = {
			isa = PBXSourcesBuildPhase;
			buildActionMask = 2147483647;
			files = (
			);
			runOnlyForDeploymentPostprocessing = 0;
		};
		B72048B92E5CED04008FF01B /* Sources */ = {
			isa = PBXSourcesBuildPhase;
			buildActionMask = 2147483647;
			files = (
			);
			runOnlyForDeploymentPostprocessing = 0;
		};
		B72048C32E5CED04008FF01B /* Sources */ = {
			isa = PBXSourcesBuildPhase;
			buildActionMask = 2147483647;
			files = (
			);
			runOnlyForDeploymentPostprocessing = 0;
		};
/* End PBXSourcesBuildPhase section */

/* Begin PBXTargetDependency section */
		B72048BF2E5CED04008FF01B /* PBXTargetDependency */ = {
			isa = PBXTargetDependency;
			target = B72048A62E5CED03008FF01B /* IOS101P1 */;
			targetProxy = B72048BE2E5CED04008FF01B /* PBXContainerItemProxy */;
		};
		B72048C92E5CED04008FF01B /* PBXTargetDependency */ = {
			isa = PBXTargetDependency;
			target = B72048A62E5CED03008FF01B /* IOS101P1 */;
			targetProxy = B72048C82E5CED04008FF01B /* PBXContainerItemProxy */;
		};
/* End PBXTargetDependency section */

/* Begin XCBuildConfiguration section */
		B72048D12E5CED04008FF01B /* Debug */ = {
			isa = XCBuildConfiguration;
			buildSettings = {
				ASSETCATALOG_COMPILER_APPICON_NAME = AppIcon;
				ASSETCATALOG_COMPILER_GLOBAL_ACCENT_COLOR_NAME = AccentColor;
				CODE_SIGN_STYLE = Automatic;
				CURRENT_PROJECT_VERSION = 1;
				DEVELOPMENT_TEAM = NLR7J4J5K5;
				GENERATE_INFOPLIST_FILE = YES;
				INFOPLIST_FILE = IOS101P1/Info.plist;
				INFOPLIST_KEY_UIApplicationSupportsIndirectInputEvents = YES;
				INFOPLIST_KEY_UILaunchStoryboardName = LaunchScreen;
				INFOPLIST_KEY_UIMainStoryboardFile = Main;
				INFOPLIST_KEY_UISupportedInterfaceOrientations_iPad = "UIInterfaceOrientationPortrait UIInterfaceOrientationPortraitUpsideDown UIInterfaceOrientationLandscapeLeft UIInterfaceOrientationLandscapeRight";
				INFOPLIST_KEY_UISupportedInterfaceOrientations_iPhone = "UIInterfaceOrientationPortrait UIInterfaceOrientationLandscapeLeft UIInterfaceOrientationLandscapeRight";
				LD_RUNPATH_SEARCH_PATHS = (
					"$(inherited)",
					"@executable_path/Frameworks",
				);
				MARKETING_VERSION = 1.0;
				PRODUCT_BUNDLE_IDENTIFIER = CP.IOS101P1;
				PRODUCT_NAME = "$(TARGET_NAME)";
				SWIFT_EMIT_LOC_STRINGS = YES;
				SWIFT_VERSION = 5.0;
				TARGETED_DEVICE_FAMILY = "1,2";
			};
			name = Debug;
		};
		B72048D22E5CED04008FF01B /* Release */ = {
			isa = XCBuildConfiguration;
			buildSettings = {
				ASSETCATALOG_COMPILER_APPICON_NAME = AppIcon;
				ASSETCATALOG_COMPILER_GLOBAL_ACCENT_COLOR_NAME = AccentColor;
				CODE_SIGN_STYLE = Automatic;
				CURRENT_PROJECT_VERSION = 1;
				DEVELOPMENT_TEAM = NLR7J4J5K5;
				GENERATE_INFOPLIST_FILE = YES;
				INFOPLIST_FILE = IOS101P1/Info.plist;
				INFOPLIST_KEY_UIApplicationSupportsIndirectInputEvents = YES;
				INFOPLIST_KEY_UILaunchStoryboardName = LaunchScreen;
				INFOPLIST_KEY_UIMainStoryboardFile = Main;
				INFOPLIST_KEY_UISupportedInterfaceOrientations_iPad = "UIInterfaceOrientationPortrait UIInterfaceOrientationPortraitUpsideDown UIInterfaceOrientationLandscapeLeft UIInterfaceOrientationLandscapeRight";
				INFOPLIST_KEY_UISupportedInterfaceOrientations_iPhone = "UIInterfaceOrientationPortrait UIInterfaceOrientationLandscapeLeft UIInterfaceOrientationLandscapeRight";
				LD_RUNPATH_SEARCH_PATHS = (
					"$(inherited)",
					"@executable_path/Frameworks",
				);
				MARKETING_VERSION = 1.0;
				PRODUCT_BUNDLE_IDENTIFIER = CP.IOS101P1;
				PRODUCT_NAME = "$(TARGET_NAME)";
				SWIFT_EMIT_LOC_STRINGS = YES;
				SWIFT_VERSION = 5.0;
				TARGETED_DEVICE_FAMILY = "1,2";
			};
			name = Release;
		};
		B72048D32E5CED04008FF01B /* Debug */ = {
			isa = XCBuildConfiguration;
			buildSettings = {
				ALWAYS_SEARCH_USER_PATHS = NO;
				ASSETCATALOG_COMPILER_GENERATE_SWIFT_ASSET_SYMBOL_EXTENSIONS = YES;
				CLANG_ANALYZER_NONNULL = YES;
				CLANG_ANALYZER_NUMBER_OBJECT_CONVERSION = YES_AGGRESSIVE;
				CLANG_CXX_LANGUAGE_STANDARD = "gnu++20";
				CLANG_ENABLE_MODULES = YES;
				CLANG_ENABLE_OBJC_ARC = YES;
				CLANG_ENABLE_OBJC_WEAK = YES;
				CLANG_WARN_BLOCK_CAPTURE_AUTORELEASING = YES;
				CLANG_WARN_BOOL_CONVERSION = YES;
				CLANG_WARN_COMMA = YES;
				CLANG_WARN_CONSTANT_CONVERSION = YES;
				CLANG_WARN_DEPRECATED_OBJC_IMPLEMENTATIONS = YES;
				CLANG_WARN_DIRECT_OBJC_ISA_USAGE = YES_ERROR;
				CLANG_WARN_DOCUMENTATION_COMMENTS = YES;
				CLANG_WARN_EMPTY_BODY = YES;
				CLANG_WARN_ENUM_CONVERSION = YES;
				CLANG_WARN_INFINITE_RECURSION = YES;
				CLANG_WARN_INT_CONVERSION = YES;
				CLANG_WARN_NON_LITERAL_NULL_CONVERSION = YES;
				CLANG_WARN_OBJC_IMPLICIT_RETAIN_SELF = YES;
				CLANG_WARN_OBJC_LITERAL_CONVERSION = YES;
				CLANG_WARN_OBJC_ROOT_CLASS = YES_ERROR;
				CLANG_WARN_QUOTED_INCLUDE_IN_FRAMEWORK_HEADER = YES;
				CLANG_WARN_RANGE_LOOP_ANALYSIS = YES;
				CLANG_WARN_STRICT_PROTOTYPES = YES;
				CLANG_WARN_SUSPICIOUS_MOVE = YES;
				CLANG_WARN_UNGUARDED_AVAILABILITY = YES_AGGRESSIVE;
				CLANG_WARN_UNREACHABLE_CODE = YES;
				CLANG_WARN__DUPLICATE_METHOD_MATCH = YES;
				COPY_PHASE_STRIP = NO;
				DEBUG_INFORMATION_FORMAT = dwarf;
				ENABLE_STRICT_OBJC_MSGSEND = YES;
				ENABLE_TESTABILITY = YES;
				ENABLE_USER_SCRIPT_SANDBOXING = YES;
				GCC_C_LANGUAGE_STANDARD = gnu17;
				GCC_DYNAMIC_NO_PIC = NO;
				GCC_NO_COMMON_BLOCKS = YES;
				GCC_OPTIMIZATION_LEVEL = 0;
				GCC_PREPROCESSOR_DEFINITIONS = (
					"DEBUG=1",
					"$(inherited)",
				);
				GCC_WARN_64_TO_32_BIT_CONVERSION = YES;
				GCC_WARN_ABOUT_RETURN_TYPE = YES_ERROR;
				GCC_WARN_UNDECLARED_SELECTOR = YES;
				GCC_WARN_UNINITIALIZED_AUTOS = YES_AGGRESSIVE;
				GCC_WARN_UNUSED_FUNCTION = YES;
				GCC_WARN_UNUSED_VARIABLE = YES;
				IPHONEOS_DEPLOYMENT_TARGET = 18.2;
				LOCALIZATION_PREFERS_STRING_CATALOGS = YES;
				MTL_ENABLE_DEBUG_INFO = INCLUDE_SOURCE;
				MTL_FAST_MATH = YES;
				ONLY_ACTIVE_ARCH = YES;
				SDKROOT = iphoneos;
				SWIFT_ACTIVE_COMPILATION_CONDITIONS = "DEBUG $(inherited)";
				SWIFT_OPTIMIZATION_LEVEL = "-Onone";
			};
			name = Debug;
		};
		B72048D42E5CED04008FF01B /* Release */ = {
			isa = XCBuildConfiguration;
			buildSettings = {
				ALWAYS_SEARCH_USER_PATHS = NO;
				ASSETCATALOG_COMPILER_GENERATE_SWIFT_ASSET_SYMBOL_EXTENSIONS = YES;
				CLANG_ANALYZER_NONNULL = YES;
				CLANG_ANALYZER_NUMBER_OBJECT_CONVERSION = YES_AGGRESSIVE;
				CLANG_CXX_LANGUAGE_STANDARD = "gnu++20";
				CLANG_ENABLE_MODULES = YES;
				CLANG_ENABLE_OBJC_ARC = YES;
				CLANG_ENABLE_OBJC_WEAK = YES;
				CLANG_WARN_BLOCK_CAPTURE_AUTORELEASING = YES;
				CLANG_WARN_BOOL_CONVERSION = YES;
				CLANG_WARN_COMMA = YES;
				CLANG_WARN_CONSTANT_CONVERSION = YES;
				CLANG_WARN_DEPRECATED_OBJC_IMPLEMENTATIONS = YES;
				CLANG_WARN_DIRECT_OBJC_ISA_USAGE = YES_ERROR;
				CLANG_WARN_DOCUMENTATION_COMMENTS = YES;
				CLANG_WARN_EMPTY_BODY = YES;
				CLANG_WARN_ENUM_CONVERSION = YES;
				CLANG_WARN_INFINITE_RECURSION = YES;
				CLANG_WARN_INT_CONVERSION = YES;
				CLANG_WARN_NON_LITERAL_NULL_CONVERSION = YES;
				CLANG_WARN_OBJC_IMPLICIT_RETAIN_SELF = YES;
				CLANG_WARN_OBJC_LITERAL_CONVERSION = YES;
				CLANG_WARN_OBJC_ROOT_CLASS = YES_ERROR;
				CLANG_WARN_QUOTED_INCLUDE_IN_FRAMEWORK_HEADER = YES;
				CLANG_WARN_RANGE_LOOP_ANALYSIS = YES;
				CLANG_WARN_STRICT_PROTOTYPES = YES;
				CLANG_WARN_SUSPICIOUS_MOVE = YES;
				CLANG_WARN_UNGUARDED_AVAILABILITY = YES_AGGRESSIVE;
				CLANG_WARN_UNREACHABLE_CODE = YES;
				CLANG_WARN__DUPLICATE_METHOD_MATCH = YES;
				COPY_PHASE_STRIP = NO;
				DEBUG_INFORMATION_FORMAT = "dwarf-with-dsym";
				ENABLE_NS_ASSERTIONS = NO;
				ENABLE_STRICT_OBJC_MSGSEND = YES;
				ENABLE_USER_SCRIPT_SANDBOXING = YES;
				GCC_C_LANGUAGE_STANDARD = gnu17;
				GCC_NO_COMMON_BLOCKS = YES;
				GCC_WARN_64_TO_32_BIT_CONVERSION = YES;
				GCC_WARN_ABOUT_RETURN_TYPE = YES_ERROR;
				GCC_WARN_UNDECLARED_SELECTOR = YES;
				GCC_WARN_UNINITIALIZED_AUTOS = YES_AGGRESSIVE;
				GCC_WARN_UNUSED_FUNCTION = YES;
				GCC_WARN_UNUSED_VARIABLE = YES;
				IPHONEOS_DEPLOYMENT_TARGET = 18.2;
				LOCALIZATION_PREFERS_STRING_CATALOGS = YES;
				MTL_ENABLE_DEBUG_INFO = NO;
				MTL_FAST_MATH = YES;
				SDKROOT = iphoneos;
				SWIFT_COMPILATION_MODE = wholemodule;
				VALIDATE_PRODUCT = YES;
			};
			name = Release;
		};
		B72048D62E5CED04008FF01B /* Debug */ = {
			isa = XCBuildConfiguration;
			buildSettings = {
				BUNDLE_LOADER = "$(TEST_HOST)";
				CODE_SIGN_STYLE = Automatic;
				CURRENT_PROJECT_VERSION = 1;
				GENERATE_INFOPLIST_FILE = YES;
				IPHONEOS_DEPLOYMENT_TARGET = 18.2;
				MARKETING_VERSION = 1.0;
				PRODUCT_BUNDLE_IDENTIFIER = CP.IOS101P1Tests;
				PRODUCT_NAME = "$(TARGET_NAME)";
				SWIFT_EMIT_LOC_STRINGS = NO;
				SWIFT_VERSION = 5.0;
				TARGETED_DEVICE_FAMILY = "1,2";
				TEST_HOST = "$(BUILT_PRODUCTS_DIR)/IOS101P1.app/$(BUNDLE_EXECUTABLE_FOLDER_PATH)/IOS101P1";
			};
			name = Debug;
		};
		B72048D72E5CED04008FF01B /* Release */ = {
			isa = XCBuildConfiguration;
			buildSettings = {
				BUNDLE_LOADER = "$(TEST_HOST)";
				CODE_SIGN_STYLE = Automatic;
				CURRENT_PROJECT_VERSION = 1;
				GENERATE_INFOPLIST_FILE = YES;
				IPHONEOS_DEPLOYMENT_TARGET = 18.2;
				MARKETING_VERSION = 1.0;
				PRODUCT_BUNDLE_IDENTIFIER = CP.IOS101P1Tests;
				PRODUCT_NAME = "$(TARGET_NAME)";
				SWIFT_EMIT_LOC_STRINGS = NO;
				SWIFT_VERSION = 5.0;
				TARGETED_DEVICE_FAMILY = "1,2";
				TEST_HOST = "$(BUILT_PRODUCTS_DIR)/IOS101P1.app/$(BUNDLE_EXECUTABLE_FOLDER_PATH)/IOS101P1";
			};
			name = Release;
		};
		B72048D92E5CED04008FF01B /* Debug */ = {
			isa = XCBuildConfiguration;
			buildSettings = {
				CODE_SIGN_STYLE = Automatic;
				CURRENT_PROJECT_VERSION = 1;
				GENERATE_INFOPLIST_FILE = YES;
				MARKETING_VERSION = 1.0;
				PRODUCT_BUNDLE_IDENTIFIER = CP.IOS101P1UITests;
				PRODUCT_NAME = "$(TARGET_NAME)";
				SWIFT_EMIT_LOC_STRINGS = NO;
				SWIFT_VERSION = 5.0;
				TARGETED_DEVICE_FAMILY = "1,2";
				TEST_TARGET_NAME = IOS101P1;
			};
			name = Debug;
		};
		B72048DA2E5CED04008FF01B /* Release */ = {
			isa = XCBuildConfiguration;
			buildSettings = {
				CODE_SIGN_STYLE = Automatic;
				CURRENT_PROJECT_VERSION = 1;
				GENERATE_INFOPLIST_FILE = YES;
				MARKETING_VERSION = 1.0;
				PRODUCT_BUNDLE_IDENTIFIER = CP.IOS101P1UITests;
				PRODUCT_NAME = "$(TARGET_NAME)";
				SWIFT_EMIT_LOC_STRINGS = NO;
				SWIFT_VERSION = 5.0;
				TARGETED_DEVICE_FAMILY = "1,2";
				TEST_TARGET_NAME = IOS101P1;
			};
			name = Release;
		};
/* End XCBuildConfiguration section */

/* Begin XCConfigurationList section */
		B72048A22E5CED03008FF01B /* Build configuration list for PBXProject "IOS101P1" */ = {
			isa = XCConfigurationList;
			buildConfigurations = (
				B72048D32E5CED04008FF01B /* Debug */,
				B72048D42E5CED04008FF01B /* Release */,
			);
			defaultConfigurationIsVisible = 0;
			defaultConfigurationName = Release;
		};
		B72048D02E5CED04008FF01B /* Build configuration list for PBXNativeTarget "IOS101P1" */ = {
			isa = XCConfigurationList;
			buildConfigurations = (
				B72048D12E5CED04008FF01B /* Debug */,
				B72048D22E5CED04008FF01B /* Release */,
			);
			defaultConfigurationIsVisible = 0;
			defaultConfigurationName = Release;
		};
		B72048D52E5CED04008FF01B /* Build configuration list for PBXNativeTarget "IOS101P1Tests" */ = {
			isa = XCConfigurationList;
			buildConfigurations = (
				B72048D62E5CED04008FF01B /* Debug */,
				B72048D72E5CED04008FF01B /* Release */,
			);
			defaultConfigurationIsVisible = 0;
			defaultConfigurationName = Release;
		};
		B72048D82E5CED04008FF01B /* Build configuration list for PBXNativeTarget "IOS101P1UITests" */ = {
			isa = XCConfigurationList;
			buildConfigurations = (
				B72048D92E5CED04008FF01B /* Debug */,
				B72048DA2E5CED04008FF01B /* Release */,
			);
			defaultConfigurationIsVisible = 0;
			defaultConfigurationName = Release;
		};
/* End XCConfigurationList section */
	};
	rootObject = B720489F2E5CED03008FF01B /* Project object */;
}
